github.com/freeconf/yang v0.0.0-20230820141610-ae98639510d8 h1:rmTtIlQQGN4HwcMbzaWgoeFlScagn4eunheWZXWwnLg=
github.com/freeconf/yang v0.0.0-20230820141610-ae98639510d8/go.mod h1:mWEJ47bQKL2+1uMaHsA6VjRtoO+svJ2LcIiN+StJqNY=
github.com/freeconf/yang v0.0.0-20230821105535-d155c2806a88 h1:Ke/hC3iThdqQ+nc/URe8W+VU/e9COKMQyPOta+9DaqA=
github.com/freeconf/yang v0.0.0-20230821105535-d155c2806a88/go.mod h1:mWEJ47bQKL2+1uMaHsA6VjRtoO+svJ2LcIiN+StJqNY=
github.com/freeconf/yang v0.0.0-20230825115246-c5cd81534e2c h1:NY+XI5xxlHRbX5KaSca4JXL6CeMZwQJpk7nYFcVn7/Q=
github.com/freeconf/yang v0.0.0-20230825115246-c5cd81534e2c/go.mod h1:mWEJ47bQKL2+1uMaHsA6VjRtoO+svJ2LcIiN+StJqNY=
github.com/freeconf/yang v0.0.0-20230831100447-20decdb7a190 h1:LGYpXeh6AE1TMuGusfVuJ7zDaRL6U5cgZ1gj00m/ZqI=
github.com/freeconf/yang v0.0.0-20230831100447-20decdb7a190/go.mod h1:mWEJ47bQKL2+1uMaHsA6VjRtoO+svJ2LcIiN+StJqNY=
github.com/freeconf/yang v0.1.0-alpha h1:rvKmBgcTjZM2Fyt5g7xe/yL+Og9fQaBe489o/QRpJR8=
github.com/freeconf/yang v0.1.0-alpha/go.mod h1:mWEJ47bQKL2+1uMaHsA6VjRtoO+svJ2LcIiN+StJqNY=
